// !$*UTF8*$!
{
	archiveVersion = 1;
	classes = {
	};
	objectVersion = 50;
	objects = {

/* Begin PBXBuildFile section */
		DB317806254FC65F00CAAC73 /* MemorySquareLabel.swift in Sources */ = {isa = PBXBuildFile; fileRef = DB317805254FC65F00CAAC73 /* MemorySquareLabel.swift */; };
		DB31780C25523FA600CAAC73 /* tappedOnTile.wav in Resources */ = {isa = PBXBuildFile; fileRef = DB31780B25523FA600CAAC73 /* tappedOnTile.wav */; };
		DB31780F255726CC00CAAC73 /* SelectLevelViewController.swift in Sources */ = {isa = PBXBuildFile; fileRef = DB31780E255726CC00CAAC73 /* SelectLevelViewController.swift */; };
		DB3178122558C42700CAAC73 /* TutorialPartOneViewController.swift in Sources */ = {isa = PBXBuildFile; fileRef = DB3178112558C42700CAAC73 /* TutorialPartOneViewController.swift */; };
		DB317815255A028600CAAC73 /* TutorialPartTwoViewController.swift in Sources */ = {isa = PBXBuildFile; fileRef = DB317814255A028600CAAC73 /* TutorialPartTwoViewController.swift */; };
		DB495B732533A5E200405D9E /* Config.swift in Sources */ = {isa = PBXBuildFile; fileRef = DB495B722533A5E200405D9E /* Config.swift */; };
		DB88B157252009FA00A3102D /* AppDelegate.swift in Sources */ = {isa = PBXBuildFile; fileRef = DB88B156252009FA00A3102D /* AppDelegate.swift */; };
		DB88B159252009FA00A3102D /* SceneDelegate.swift in Sources */ = {isa = PBXBuildFile; fileRef = DB88B158252009FA00A3102D /* SceneDelegate.swift */; };
		DB88B15B252009FA00A3102D /* HomeViewController.swift in Sources */ = {isa = PBXBuildFile; fileRef = DB88B15A252009FA00A3102D /* HomeViewController.swift */; };
		DB88B15E252009FA00A3102D /* Main.storyboard in Resources */ = {isa = PBXBuildFile; fileRef = DB88B15C252009FA00A3102D /* Main.storyboard */; };
		DB88B160252009FB00A3102D /* Assets.xcassets in Resources */ = {isa = PBXBuildFile; fileRef = DB88B15F252009FB00A3102D /* Assets.xcassets */; };
		DB88B163252009FB00A3102D /* LaunchScreen.storyboard in Resources */ = {isa = PBXBuildFile; fileRef = DB88B161252009FB00A3102D /* LaunchScreen.storyboard */; };
		DB88B17225200F3E00A3102D /* PlayViewController.swift in Sources */ = {isa = PBXBuildFile; fileRef = DB88B17125200F3E00A3102D /* PlayViewController.swift */; };
		DB88B17525200F4E00A3102D /* TutorialViewController.swift in Sources */ = {isa = PBXBuildFile; fileRef = DB88B17425200F4E00A3102D /* TutorialViewController.swift */; };
		DB8B4988253C922F00BE7842 /* DataModel.xcdatamodeld in Sources */ = {isa = PBXBuildFile; fileRef = DB8B4986253C922F00BE7842 /* DataModel.xcdatamodeld */; };
		DB923A252526A3F1009BF975 /* NumberLabel.swift in Sources */ = {isa = PBXBuildFile; fileRef = DB923A242526A3F1009BF975 /* NumberLabel.swift */; };
		DB923A282526A936009BF975 /* SquareCell.swift in Sources */ = {isa = PBXBuildFile; fileRef = DB923A272526A936009BF975 /* SquareCell.swift */; };
		DBC95B3F252D4FFF00533E4B /* GameTimer.swift in Sources */ = {isa = PBXBuildFile; fileRef = DBC95B3E252D4FFF00533E4B /* GameTimer.swift */; };
		DBEA98F1255A1C000061AF25 /* LastTutorialViewController.swift in Sources */ = {isa = PBXBuildFile; fileRef = DBEA98F0255A1C000061AF25 /* LastTutorialViewController.swift */; };
		DBEA98F4255CC49B0061AF25 /* GoIndicatorLabel.swift in Sources */ = {isa = PBXBuildFile; fileRef = DBEA98F3255CC49B0061AF25 /* GoIndicatorLabel.swift */; };
		DBEB2546254F8CDD00CCC94C /* homeViewButtons.swift in Sources */ = {isa = PBXBuildFile; fileRef = DBEB2545254F8CDD00CCC94C /* homeViewButtons.swift */; };
/* End PBXBuildFile section */

/* Begin PBXFileReference section */
		DB317805254FC65F00CAAC73 /* MemorySquareLabel.swift */ = {isa = PBXFileReference; lastKnownFileType = sourcecode.swift; path = MemorySquareLabel.swift; sourceTree = "<group>"; };
		DB31780B25523FA600CAAC73 /* tappedOnTile.wav */ = {isa = PBXFileReference; lastKnownFileType = audio.wav; path = tappedOnTile.wav; sourceTree = "<group>"; };
		DB31780E255726CC00CAAC73 /* SelectLevelViewController.swift */ = {isa = PBXFileReference; lastKnownFileType = sourcecode.swift; path = SelectLevelViewController.swift; sourceTree = "<group>"; };
		DB3178112558C42700CAAC73 /* TutorialPartOneViewController.swift */ = {isa = PBXFileReference; lastKnownFileType = sourcecode.swift; path = TutorialPartOneViewController.swift; sourceTree = "<group>"; };
		DB317814255A028600CAAC73 /* TutorialPartTwoViewController.swift */ = {isa = PBXFileReference; lastKnownFileType = sourcecode.swift; path = TutorialPartTwoViewController.swift; sourceTree = "<group>"; };
		DB495B722533A5E200405D9E /* Config.swift */ = {isa = PBXFileReference; lastKnownFileType = sourcecode.swift; path = Config.swift; sourceTree = "<group>"; };
		DB88B153252009FA00A3102D /* Memo Square.app */ = {isa = PBXFileReference; explicitFileType = wrapper.application; includeInIndex = 0; path = "Memo Square.app"; sourceTree = BUILT_PRODUCTS_DIR; };
		DB88B156252009FA00A3102D /* AppDelegate.swift */ = {isa = PBXFileReference; lastKnownFileType = sourcecode.swift; path = AppDelegate.swift; sourceTree = "<group>"; };
		DB88B158252009FA00A3102D /* SceneDelegate.swift */ = {isa = PBXFileReference; lastKnownFileType = sourcecode.swift; path = SceneDelegate.swift; sourceTree = "<group>"; };
		DB88B15A252009FA00A3102D /* HomeViewController.swift */ = {isa = PBXFileReference; lastKnownFileType = sourcecode.swift; path = HomeViewController.swift; sourceTree = "<group>"; };
		DB88B15D252009FA00A3102D /* Base */ = {isa = PBXFileReference; lastKnownFileType = file.storyboard; name = Base; path = Base.lproj/Main.storyboard; sourceTree = "<group>"; };
		DB88B15F252009FB00A3102D /* Assets.xcassets */ = {isa = PBXFileReference; lastKnownFileType = folder.assetcatalog; path = Assets.xcassets; sourceTree = "<group>"; };
		DB88B162252009FB00A3102D /* Base */ = {isa = PBXFileReference; lastKnownFileType = file.storyboard; name = Base; path = Base.lproj/LaunchScreen.storyboard; sourceTree = "<group>"; };
		DB88B164252009FB00A3102D /* Info.plist */ = {isa = PBXFileReference; lastKnownFileType = text.plist.xml; path = Info.plist; sourceTree = "<group>"; };
		DB88B17125200F3E00A3102D /* PlayViewController.swift */ = {isa = PBXFileReference; lastKnownFileType = sourcecode.swift; path = PlayViewController.swift; sourceTree = "<group>"; };
		DB88B17425200F4E00A3102D /* TutorialViewController.swift */ = {isa = PBXFileReference; lastKnownFileType = sourcecode.swift; path = TutorialViewController.swift; sourceTree = "<group>"; };
		DB8B4987253C922F00BE7842 /* DataModel.xcdatamodel */ = {isa = PBXFileReference; lastKnownFileType = wrapper.xcdatamodel; path = DataModel.xcdatamodel; sourceTree = "<group>"; };
		DB923A242526A3F1009BF975 /* NumberLabel.swift */ = {isa = PBXFileReference; lastKnownFileType = sourcecode.swift; path = NumberLabel.swift; sourceTree = "<group>"; };
		DB923A272526A936009BF975 /* SquareCell.swift */ = {isa = PBXFileReference; lastKnownFileType = sourcecode.swift; path = SquareCell.swift; sourceTree = "<group>"; };
		DBC95B3E252D4FFF00533E4B /* GameTimer.swift */ = {isa = PBXFileReference; lastKnownFileType = sourcecode.swift; path = GameTimer.swift; sourceTree = "<group>"; };
		DBEA98F0255A1C000061AF25 /* LastTutorialViewController.swift */ = {isa = PBXFileReference; lastKnownFileType = sourcecode.swift; path = LastTutorialViewController.swift; sourceTree = "<group>"; };
		DBEA98F3255CC49B0061AF25 /* GoIndicatorLabel.swift */ = {isa = PBXFileReference; lastKnownFileType = sourcecode.swift; path = GoIndicatorLabel.swift; sourceTree = "<group>"; };
		DBEB2545254F8CDD00CCC94C /* homeViewButtons.swift */ = {isa = PBXFileReference; lastKnownFileType = sourcecode.swift; path = homeViewButtons.swift; sourceTree = "<group>"; };
/* End PBXFileReference section */

/* Begin PBXFrameworksBuildPhase section */
		DB88B150252009FA00A3102D /* Frameworks */ = {
			isa = PBXFrameworksBuildPhase;
			buildActionMask = 2147483647;
			files = (
			);
			runOnlyForDeploymentPostprocessing = 0;
		};
/* End PBXFrameworksBuildPhase section */

/* Begin PBXGroup section */
		DB31780A25523F7F00CAAC73 /* Sounds */ = {
			isa = PBXGroup;
			children = (
				DB31780B25523FA600CAAC73 /* tappedOnTile.wav */,
			);
			path = Sounds;
			sourceTree = "<group>";
		};
		DB495B712533A5BE00405D9E /* DataLevelService */ = {
			isa = PBXGroup;
			children = (
				DB495B722533A5E200405D9E /* Config.swift */,
			);
			path = DataLevelService;
			sourceTree = "<group>";
		};
		DB88B14A252009FA00A3102D = {
			isa = PBXGroup;
			children = (
				DB88B155252009FA00A3102D /* MemorySquare */,
				DB88B154252009FA00A3102D /* Products */,
			);
			sourceTree = "<group>";
		};
		DB88B154252009FA00A3102D /* Products */ = {
			isa = PBXGroup;
			children = (
				DB88B153252009FA00A3102D /* Memo Square.app */,
			);
			name = Products;
			sourceTree = "<group>";
		};
		DB88B155252009FA00A3102D /* MemorySquare */ = {
			isa = PBXGroup;
			children = (
				DB31780A25523F7F00CAAC73 /* Sounds */,
				DB495B712533A5BE00405D9E /* DataLevelService */,
				DB88B16D25200ABE00A3102D /* Model */,
				DB88B16C25200ABA00A3102D /* View */,
				DB88B16B25200AB300A3102D /* Controller */,
				DB88B156252009FA00A3102D /* AppDelegate.swift */,
				DB88B158252009FA00A3102D /* SceneDelegate.swift */,
				DB88B15C252009FA00A3102D /* Main.storyboard */,
				DB88B15F252009FB00A3102D /* Assets.xcassets */,
				DB88B161252009FB00A3102D /* LaunchScreen.storyboard */,
				DB88B164252009FB00A3102D /* Info.plist */,
			);
			path = MemorySquare;
			sourceTree = "<group>";
		};
		DB88B16B25200AB300A3102D /* Controller */ = {
			isa = PBXGroup;
			children = (
				DB88B15A252009FA00A3102D /* HomeViewController.swift */,
				DB88B17125200F3E00A3102D /* PlayViewController.swift */,
				DB88B17425200F4E00A3102D /* TutorialViewController.swift */,
				DB31780E255726CC00CAAC73 /* SelectLevelViewController.swift */,
				DB3178112558C42700CAAC73 /* TutorialPartOneViewController.swift */,
				DB317814255A028600CAAC73 /* TutorialPartTwoViewController.swift */,
				DBEA98F0255A1C000061AF25 /* LastTutorialViewController.swift */,
			);
			path = Controller;
			sourceTree = "<group>";
		};
		DB88B16C25200ABA00A3102D /* View */ = {
			isa = PBXGroup;
			children = (
				DB923A242526A3F1009BF975 /* NumberLabel.swift */,
				DB923A272526A936009BF975 /* SquareCell.swift */,
				DBC95B3E252D4FFF00533E4B /* GameTimer.swift */,
				DBEB2545254F8CDD00CCC94C /* homeViewButtons.swift */,
				DB317805254FC65F00CAAC73 /* MemorySquareLabel.swift */,
				DBEA98F3255CC49B0061AF25 /* GoIndicatorLabel.swift */,
			);
			path = View;
			sourceTree = "<group>";
		};
		DB88B16D25200ABE00A3102D /* Model */ = {
			isa = PBXGroup;
			children = (
				DB8B4986253C922F00BE7842 /* DataModel.xcdatamodeld */,
			);
			path = Model;
			sourceTree = "<group>";
		};
/* End PBXGroup section */

/* Begin PBXNativeTarget section */
		DB88B152252009FA00A3102D /* MemorySquare */ = {
			isa = PBXNativeTarget;
			buildConfigurationList = DB88B167252009FB00A3102D /* Build configuration list for PBXNativeTarget "MemorySquare" */;
			buildPhases = (
				DB88B14F252009FA00A3102D /* Sources */,
				DB88B150252009FA00A3102D /* Frameworks */,
				DB88B151252009FA00A3102D /* Resources */,
			);
			buildRules = (
			);
			dependencies = (
			);
			name = MemorySquare;
			productName = MemorySquare;
			productReference = DB88B153252009FA00A3102D /* Memo Square.app */;
			productType = "com.apple.product-type.application";
		};
/* End PBXNativeTarget section */

/* Begin PBXProject section */
		DB88B14B252009FA00A3102D /* Project object */ = {
			isa = PBXProject;
			attributes = {
				LastSwiftUpdateCheck = 1200;
				LastUpgradeCheck = 1200;
				TargetAttributes = {
					DB88B152252009FA00A3102D = {
						CreatedOnToolsVersion = 12.0;
					};
				};
			};
			buildConfigurationList = DB88B14E252009FA00A3102D /* Build configuration list for PBXProject "MemorySquare" */;
			compatibilityVersion = "Xcode 9.3";
			developmentRegion = en;
			hasScannedForEncodings = 0;
			knownRegions = (
				en,
				Base,
			);
			mainGroup = DB88B14A252009FA00A3102D;
			productRefGroup = DB88B154252009FA00A3102D /* Products */;
			projectDirPath = "";
			projectRoot = "";
			targets = (
				DB88B152252009FA00A3102D /* MemorySquare */,
			);
		};
/* End PBXProject section */

/* Begin PBXResourcesBuildPhase section */
		DB88B151252009FA00A3102D /* Resources */ = {
			isa = PBXResourcesBuildPhase;
			buildActionMask = 2147483647;
			files = (
				DB88B163252009FB00A3102D /* LaunchScreen.storyboard in Resources */,
				DB31780C25523FA600CAAC73 /* tappedOnTile.wav in Resources */,
				DB88B160252009FB00A3102D /* Assets.xcassets in Resources */,
				DB88B15E252009FA00A3102D /* Main.storyboard in Resources */,
			);
			runOnlyForDeploymentPostprocessing = 0;
		};
/* End PBXResourcesBuildPhase section */

/* Begin PBXSourcesBuildPhase section */
		DB88B14F252009FA00A3102D /* Sources */ = {
			isa = PBXSourcesBuildPhase;
			buildActionMask = 2147483647;
			files = (
				DB88B17225200F3E00A3102D /* PlayViewController.swift in Sources */,
				DB8B4988253C922F00BE7842 /* DataModel.xcdatamodeld in Sources */,
				DB88B15B252009FA00A3102D /* HomeViewController.swift in Sources */,
				DB495B732533A5E200405D9E /* Config.swift in Sources */,
				DBEA98F1255A1C000061AF25 /* LastTutorialViewController.swift in Sources */,
				DB88B17525200F4E00A3102D /* TutorialViewController.swift in Sources */,
				DB923A252526A3F1009BF975 /* NumberLabel.swift in Sources */,
				DB923A282526A936009BF975 /* SquareCell.swift in Sources */,
				DBEA98F4255CC49B0061AF25 /* GoIndicatorLabel.swift in Sources */,
				DB31780F255726CC00CAAC73 /* SelectLevelViewController.swift in Sources */,
				DB317815255A028600CAAC73 /* TutorialPartTwoViewController.swift in Sources */,
				DB3178122558C42700CAAC73 /* TutorialPartOneViewController.swift in Sources */,
				DBEB2546254F8CDD00CCC94C /* homeViewButtons.swift in Sources */,
				DB317806254FC65F00CAAC73 /* MemorySquareLabel.swift in Sources */,
				DBC95B3F252D4FFF00533E4B /* GameTimer.swift in Sources */,
				DB88B157252009FA00A3102D /* AppDelegate.swift in Sources */,
				DB88B159252009FA00A3102D /* SceneDelegate.swift in Sources */,
			);
			runOnlyForDeploymentPostprocessing = 0;
		};
/* End PBXSourcesBuildPhase section */

/* Begin PBXVariantGroup section */
		DB88B15C252009FA00A3102D /* Main.storyboard */ = {
			isa = PBXVariantGroup;
			children = (
				DB88B15D252009FA00A3102D /* Base */,
			);
			name = Main.storyboard;
			sourceTree = "<group>";
		};
		DB88B161252009FB00A3102D /* LaunchScreen.storyboard */ = {
			isa = PBXVariantGroup;
			children = (
				DB88B162252009FB00A3102D /* Base */,
			);
			name = LaunchScreen.storyboard;
			sourceTree = "<group>";
		};
/* End PBXVariantGroup section */

/* Begin XCBuildConfiguration section */
		DB88B165252009FB00A3102D /* Debug */ = {
			isa = XCBuildConfiguration;
			buildSettings = {
				ALWAYS_SEARCH_USER_PATHS = NO;
				CLANG_ANALYZER_NONNULL = YES;
				CLANG_ANALYZER_NUMBER_OBJECT_CONVERSION = YES_AGGRESSIVE;
				CLANG_CXX_LANGUAGE_STANDARD = "gnu++14";
				CLANG_CXX_LIBRARY = "libc++";
				CLANG_ENABLE_MODULES = YES;
				CLANG_ENABLE_OBJC_ARC = YES;
				CLANG_ENABLE_OBJC_WEAK = YES;
				CLANG_WARN_BLOCK_CAPTURE_AUTORELEASING = YES;
				CLANG_WARN_BOOL_CONVERSION = YES;
				CLANG_WARN_COMMA = YES;
				CLANG_WARN_CONSTANT_CONVERSION = YES;
				CLANG_WARN_DEPRECATED_OBJC_IMPLEMENTATIONS = YES;
				CLANG_WARN_DIRECT_OBJC_ISA_USAGE = YES_ERROR;
				CLANG_WARN_DOCUMENTATION_COMMENTS = YES;
				CLANG_WARN_EMPTY_BODY = YES;
				CLANG_WARN_ENUM_CONVERSION = YES;
				CLANG_WARN_INFINITE_RECURSION = YES;
				CLANG_WARN_INT_CONVERSION = YES;
				CLANG_WARN_NON_LITERAL_NULL_CONVERSION = YES;
				CLANG_WARN_OBJC_IMPLICIT_RETAIN_SELF = YES;
				CLANG_WARN_OBJC_LITERAL_CONVERSION = YES;
				CLANG_WARN_OBJC_ROOT_CLASS = YES_ERROR;
				CLANG_WARN_QUOTED_INCLUDE_IN_FRAMEWORK_HEADER = YES;
				CLANG_WARN_RANGE_LOOP_ANALYSIS = YES;
				CLANG_WARN_STRICT_PROTOTYPES = YES;
				CLANG_WARN_SUSPICIOUS_MOVE = YES;
				CLANG_WARN_UNGUARDED_AVAILABILITY = YES_AGGRESSIVE;
				CLANG_WARN_UNREACHABLE_CODE = YES;
				CLANG_WARN__DUPLICATE_METHOD_MATCH = YES;
				COPY_PHASE_STRIP = NO;
				DEBUG_INFORMATION_FORMAT = dwarf;
				ENABLE_STRICT_OBJC_MSGSEND = YES;
				ENABLE_TESTABILITY = YES;
				GCC_C_LANGUAGE_STANDARD = gnu11;
				GCC_DYNAMIC_NO_PIC = NO;
				GCC_NO_COMMON_BLOCKS = YES;
				GCC_OPTIMIZATION_LEVEL = 0;
				GCC_PREPROCESSOR_DEFINITIONS = (
					"DEBUG=1",
					"$(inherited)",
				);
				GCC_WARN_64_TO_32_BIT_CONVERSION = YES;
				GCC_WARN_ABOUT_RETURN_TYPE = YES_ERROR;
				GCC_WARN_UNDECLARED_SELECTOR = YES;
				GCC_WARN_UNINITIALIZED_AUTOS = YES_AGGRESSIVE;
				GCC_WARN_UNUSED_FUNCTION = YES;
				GCC_WARN_UNUSED_VARIABLE = YES;
				IPHONEOS_DEPLOYMENT_TARGET = 14.0;
				MTL_ENABLE_DEBUG_INFO = INCLUDE_SOURCE;
				MTL_FAST_MATH = YES;
				ONLY_ACTIVE_ARCH = YES;
				SDKROOT = iphoneos;
				SWIFT_ACTIVE_COMPILATION_CONDITIONS = DEBUG;
				SWIFT_OPTIMIZATION_LEVEL = "-Onone";
			};
			name = Debug;
		};
		DB88B166252009FB00A3102D /* Release */ = {
			isa = XCBuildConfiguration;
			buildSettings = {
				ALWAYS_SEARCH_USER_PATHS = NO;
				CLANG_ANALYZER_NONNULL = YES;
				CLANG_ANALYZER_NUMBER_OBJECT_CONVERSION = YES_AGGRESSIVE;
				CLANG_CXX_LANGUAGE_STANDARD = "gnu++14";
				CLANG_CXX_LIBRARY = "libc++";
				CLANG_ENABLE_MODULES = YES;
				CLANG_ENABLE_OBJC_ARC = YES;
				CLANG_ENABLE_OBJC_WEAK = YES;
				CLANG_WARN_BLOCK_CAPTURE_AUTORELEASING = YES;
				CLANG_WARN_BOOL_CONVERSION = YES;
				CLANG_WARN_COMMA = YES;
				CLANG_WARN_CONSTANT_CONVERSION = YES;
				CLANG_WARN_DEPRECATED_OBJC_IMPLEMENTATIONS = YES;
				CLANG_WARN_DIRECT_OBJC_ISA_USAGE = YES_ERROR;
				CLANG_WARN_DOCUMENTATION_COMMENTS = YES;
				CLANG_WARN_EMPTY_BODY = YES;
				CLANG_WARN_ENUM_CONVERSION = YES;
				CLANG_WARN_INFINITE_RECURSION = YES;
				CLANG_WARN_INT_CONVERSION = YES;
				CLANG_WARN_NON_LITERAL_NULL_CONVERSION = YES;
				CLANG_WARN_OBJC_IMPLICIT_RETAIN_SELF = YES;
				CLANG_WARN_OBJC_LITERAL_CONVERSION = YES;
				CLANG_WARN_OBJC_ROOT_CLASS = YES_ERROR;
				CLANG_WARN_QUOTED_INCLUDE_IN_FRAMEWORK_HEADER = YES;
				CLANG_WARN_RANGE_LOOP_ANALYSIS = YES;
				CLANG_WARN_STRICT_PROTOTYPES = YES;
				CLANG_WARN_SUSPICIOUS_MOVE = YES;
				CLANG_WARN_UNGUARDED_AVAILABILITY = YES_AGGRESSIVE;
				CLANG_WARN_UNREACHABLE_CODE = YES;
				CLANG_WARN__DUPLICATE_METHOD_MATCH = YES;
				COPY_PHASE_STRIP = NO;
				DEBUG_INFORMATION_FORMAT = "dwarf-with-dsym";
				ENABLE_NS_ASSERTIONS = NO;
				ENABLE_STRICT_OBJC_MSGSEND = YES;
				GCC_C_LANGUAGE_STANDARD = gnu11;
				GCC_NO_COMMON_BLOCKS = YES;
				GCC_WARN_64_TO_32_BIT_CONVERSION = YES;
				GCC_WARN_ABOUT_RETURN_TYPE = YES_ERROR;
				GCC_WARN_UNDECLARED_SELECTOR = YES;
				GCC_WARN_UNINITIALIZED_AUTOS = YES_AGGRESSIVE;
				GCC_WARN_UNUSED_FUNCTION = YES;
				GCC_WARN_UNUSED_VARIABLE = YES;
				IPHONEOS_DEPLOYMENT_TARGET = 14.0;
				MTL_ENABLE_DEBUG_INFO = NO;
				MTL_FAST_MATH = YES;
				SDKROOT = iphoneos;
				SWIFT_COMPILATION_MODE = wholemodule;
				SWIFT_OPTIMIZATION_LEVEL = "-O";
				VALIDATE_PRODUCT = YES;
			};
			name = Release;
		};
		DB88B168252009FB00A3102D /* Debug */ = {
			isa = XCBuildConfiguration;
			buildSettings = {
				ASSETCATALOG_COMPILER_APPICON_NAME = AppIcon;
				ASSETCATALOG_COMPILER_GLOBAL_ACCENT_COLOR_NAME = AccentColor;
				CODE_SIGN_STYLE = Automatic;
				DEVELOPMENT_TEAM = 25BK2A3LZ7;
				INFOPLIST_FILE = MemorySquare/Info.plist;
				LD_RUNPATH_SEARCH_PATHS = (
					"$(inherited)",
					"@executable_path/Frameworks",
				);
				PRODUCT_BUNDLE_IDENTIFIER = com.AlvinEscobar.MemorySquare;
				PRODUCT_NAME = "Memo Square";
				SWIFT_VERSION = 5.0;
				TARGETED_DEVICE_FAMILY = "1,2";
			};
			name = Debug;
		};
		DB88B169252009FB00A3102D /* Release */ = {
			isa = XCBuildConfiguration;
			buildSettings = {
				ASSETCATALOG_COMPILER_APPICON_NAME = AppIcon;
				ASSETCATALOG_COMPILER_GLOBAL_ACCENT_COLOR_NAME = AccentColor;
				CODE_SIGN_STYLE = Automatic;
				DEVELOPMENT_TEAM = 25BK2A3LZ7;
				INFOPLIST_FILE = MemorySquare/Info.plist;
				LD_RUNPATH_SEARCH_PATHS = (
					"$(inherited)",
					"@executable_path/Frameworks",
				);
				PRODUCT_BUNDLE_IDENTIFIER = com.AlvinEscobar.MemorySquare;
				PRODUCT_NAME = "Memo Square";
				SWIFT_VERSION = 5.0;
				TARGETED_DEVICE_FAMILY = "1,2";
			};
			name = Release;
		};
/* End XCBuildConfiguration section */

/* Begin XCConfigurationList section */
		DB88B14E252009FA00A3102D /* Build configuration list for PBXProject "MemorySquare" */ = {
			isa = XCConfigurationList;
			buildConfigurations = (
				DB88B165252009FB00A3102D /* Debug */,
				DB88B166252009FB00A3102D /* Release */,
			);
			defaultConfigurationIsVisible = 0;
			defaultConfigurationName = Release;
		};
		DB88B167252009FB00A3102D /* Build configuration list for PBXNativeTarget "MemorySquare" */ = {
			isa = XCConfigurationList;
			buildConfigurations = (
				DB88B168252009FB00A3102D /* Debug */,
				DB88B169252009FB00A3102D /* Release */,
			);
			defaultConfigurationIsVisible = 0;
			defaultConfigurationName = Release;
		};
/* End XCConfigurationList section */

/* Begin XCVersionGroup section */
		DB8B4986253C922F00BE7842 /* DataModel.xcdatamodeld */ = {
			isa = XCVersionGroup;
			children = (
				DB8B4987253C922F00BE7842 /* DataModel.xcdatamodel */,
			);
			currentVersion = DB8B4987253C922F00BE7842 /* DataModel.xcdatamodel */;
			path = DataModel.xcdatamodeld;
			sourceTree = "<group>";
			versionGroupType = wrapper.xcdatamodel;
		};
/* End XCVersionGroup section */
	};
	rootObject = DB88B14B252009FA00A3102D /* Project object */;
}
